Microsoft Visual Studio Solution File, Format Version 12.00
# Visual Studio Version 17
VisualStudioVersion = 17.5.2.0
MinimumVisualStudioVersion = 10.0.40219.1
Project("{FAE04EC0-301F-11D3-BF4B-00C04F79EFBC}") = "PttPushNotificationIssue", "PttPushNotificationIssue.csproj", "{B9B5AE6A-2FA5-A1D7-A232-03A0214B32E8}"
EndProject
Global
	GlobalSection(SolutionConfigurationPlatforms) = preSolution
		Debug|Any CPU = Debug|Any CPU
		Release|Any CPU = Release|Any CPU
	EndGlobalSection
	GlobalSection(ProjectConfigurationPlatforms) = postSolution
		{B9B5AE6A-2FA5-A1D7-A232-03A0214B32E8}.Debug|Any CPU.ActiveCfg = Debug|Any CPU
		{B9B5AE6A-2FA5-A1D7-A232-03A0214B32E8}.Debug|Any CPU.Build.0 = Debug|Any CPU
		{B9B5AE6A-2FA5-A1D7-A232-03A0214B32E8}.Release|Any CPU.ActiveCfg = Release|Any CPU
		{B9B5AE6A-2FA5-A1D7-A232-03A0214B32E8}.Release|Any CPU.Build.0 = Release|Any CPU
	EndGlobalSection
	GlobalSection(SolutionProperties) = preSolution
		HideSolutionNode = FALSE
	EndGlobalSection
	GlobalSection(ExtensibilityGlobals) = postSolution
		SolutionGuid = {E060F039-D88D-4207-9722-7BE676FC8B40}
	EndGlobalSection
EndGlobal
